{
  "version": 4,
  "terraform_version": "1.3.6",
  "serial": 19,
  "lineage": "9843521b-c6f2-4ead-dd12-0989ee8f2ac2",
  "outputs": {
    "config_map_aws_auth": {
      "value": "\r\n\r\napiVersion: v1\r\nkind: ConfigMap\r\nmetadata:\r\n  name: aws-auth\r\n  namespace: kube-system\r\ndata:\r\n  mapRoles: |\r\n    - rolearn: arn:aws:iam::248426330598:role/socks-shop-worker-node-role\r\n      username: system:node:{{EC2PrivateDNSName}}\r\n      groups:\r\n        - system:bootstrappers\r\n        - system:nodes\r\n",
      "type": "string"
    },
    "kubeconfig": {
      "value": "\r\n\r\napiVersion: v1\r\nclusters:\r\n- cluster:\r\n    server: https://E57B548F3D824B75C4E9C2842F7391E4.gr7.us-east-1.eks.amazonaws.com\r\n    certificate-authority-data: LS0tLS1CRUdJTiBDRVJUSUZJQ0FURS0tLS0tCk1JSUMvakNDQWVhZ0F3SUJBZ0lCQURBTkJna3Foa2lHOXcwQkFRc0ZBREFWTVJNd0VRWURWUVFERXdwcmRXSmwKY201bGRHVnpNQjRYRFRJek1ETXhNakl5TWpRd09Wb1hEVE16TURNd09USXlNalF3T1Zvd0ZURVRNQkVHQTFVRQpBeE1LYTNWaVpYSnVaWFJsY3pDQ0FTSXdEUVlKS29aSWh2Y05BUUVCQlFBRGdnRVBBRENDQVFvQ2dnRUJBTlp5Cmd1dHRySnlvemRXd0xGOXcvb2x3d1RaNnNuL3lsenU1WGdwTmpkeEVPdC9YY2xZckhwRlBPYlBMNXFwY0JNeXkKdFVkQzVxdjRWMHpMUXE4ZHJtbG1YL0N3bWlCeUg5dk5qL1k1dms2d0dwRzRXdHVmTTlNR1RwSnhVMXE1RzVtOQpaNklsNmNvY0RoeTZyck1Xdlk5a29BMTh6YStrTm9YdnJYMXFiU1RMMjRkbVMvZEZlNTJkcHBzVHhpL09HQktxClRuK1BPekFUdjc3eDVucFJHYVV6d2lyTFFwZUNkSjJzcGlLZW5lNXRzci9QQzlndGphcUtLMTFaZEg0SU1CWVgKTUJZbXhyT3J4bWpCUnArak5BdmRSeElQQU9IbkZYdmswcTF5ZDNyTEU0V1VTazJ6c21lTXJYVjhJMytuMjkyaApVNFVEQzR0aWdqVFl4Zmg3UmpjQ0F3RUFBYU5aTUZjd0RnWURWUjBQQVFIL0JBUURBZ0trTUE4R0ExVWRFd0VCCi93UUZNQU1CQWY4d0hRWURWUjBPQkJZRUZDSzNnMDRiNDN0NzlSYW5zRnNtdGhoa0VEVytNQlVHQTFVZEVRUU8KTUF5Q0NtdDFZbVZ5Ym1WMFpYTXdEUVlKS29aSWh2Y05BUUVMQlFBRGdnRUJBTVVyUGJkYUZEejFXVk9YNmtsago1cDlINEVCMC9OTnhUMUlCaXF6eEpaZTlDQmRpNk5NbmR2ZEVERmJjVlRDeStWcURXTk1JNU0rU1o3ajNZZ0NuClIrakpJSzdGYjVUbHRZSVRxVWVqOFJZN2IzYmZTcnRwVDhhS1V0ZS9JU21NNnp2M2h1WEhhcm9rVGdSWEpva2sKeWpldHNBRDVjbWJIRG5OWWZxb2p6UkkzWWlHSHJVZ0FJYjJ6aC8zSjNlOEdzbFI5WWIwTjF4N29JNzB2a2lkMQpPYUY0WmZSUDF0VU40SnNwaThXcytLTk5xRUR0a3JGSFBzOXpZdEJpeEZSODFlRHkwSFlCeU1WN2d3ZVd2cVg1CkdtZXRPdkQ0cTNMNjFiS2lselB1akVOWkx5V1BuNjI5VVVjNEgvSFhRcUdHcmJoaEFjTmp4RXJtWG50M1R2NjcKb0hJPQotLS0tLUVORCBDRVJUSUZJQ0FURS0tLS0tCg==\r\n  name: kubernetes\r\ncontexts:\r\n- context:\r\n    cluster: kubernetes\r\n    user: aws\r\n  name: aws\r\ncurrent-context: aws\r\nkind: Config\r\npreferences: {}\r\nusers:\r\n- name: aws\r\n  user:\r\n    exec:\r\n      apiVersion: client.authentication.k8s.io/v1beta1\r\n      command: aws-iam-authenticator\r\n      args:\r\n        - \"token\"\r\n        - \"-i\"\r\n        - \"socks-web-shop-eks\"\r\n",
      "type": "string"
    }
  },
  "resources": [
    {
      "mode": "data",
      "type": "aws_availability_zones",
      "name": "available",
      "provider": "provider[\"registry.terraform.io/hashicorp/aws\"]",
      "instances": [
        {
          "schema_version": 0,
          "attributes": {
            "all_availability_zones": null,
            "exclude_names": null,
            "exclude_zone_ids": null,
            "filter": null,
            "group_names": [
              "us-east-1"
            ],
            "id": "us-east-1",
            "names": [
              "us-east-1a",
              "us-east-1b",
              "us-east-1c",
              "us-east-1d",
              "us-east-1e",
              "us-east-1f"
            ],
            "state": null,
            "timeouts": null,
            "zone_ids": [
              "use1-az4",
              "use1-az6",
              "use1-az1",
              "use1-az2",
              "use1-az3",
              "use1-az5"
            ]
          },
          "sensitive_attributes": []
        }
      ]
    },
    {
      "mode": "data",
      "type": "http",
      "name": "workstation-external-ip",
      "provider": "provider[\"registry.terraform.io/hashicorp/http\"]",
      "instances": [
        {
          "schema_version": 0,
          "attributes": {
            "body": "105.112.17.88\n",
            "ca_cert_pem": null,
            "id": "http://ipv4.icanhazip.com",
            "insecure": null,
            "method": null,
            "request_body": null,
            "request_headers": null,
            "response_body": "105.112.17.88\n",
            "response_headers": {
              "Access-Control-Allow-Methods": "GET",
              "Access-Control-Allow-Origin": "*",
              "Alt-Svc": "h3=\":443\"; ma=86400, h3-29=\":443\"; ma=86400",
              "Cf-Ray": "7a6f8023da9ad424-LOS",
              "Connection": "keep-alive",
              "Content-Length": "14",
              "Content-Type": "text/plain",
              "Date": "Sun, 12 Mar 2023 22:33:44 GMT",
              "Server": "cloudflare",
              "Set-Cookie": "__cf_bm=apLDWAh0XNb_g4PprwCyPNjwIsN3lyRhMtCbe4VhviA-1678660424-0-Ad918lwZARb0cJwwwHACeQdGzvlomkc8mKtFjflXVv4VMIyoKeBKRzwWTYlYj8kyC4kjyA4mAVFXq5rJ6QOwerg=; path=/; expires=Sun, 12-Mar-23 23:03:44 GMT; domain=.icanhazip.com; HttpOnly; SameSite=None",
              "Vary": "Accept-Encoding"
            },
            "status_code": 200,
            "url": "http://ipv4.icanhazip.com"
          },
          "sensitive_attributes": []
        }
      ]
    },
    {
      "mode": "managed",
      "type": "aws_eks_cluster",
      "name": "socks-shop",
      "provider": "provider[\"registry.terraform.io/hashicorp/aws\"]",
      "instances": [
        {
          "schema_version": 0,
          "attributes": {
            "arn": "arn:aws:eks:us-east-1:248426330598:cluster/socks-web-shop-eks",
            "certificate_authority": [
              {
                "data": "LS0tLS1CRUdJTiBDRVJUSUZJQ0FURS0tLS0tCk1JSUMvakNDQWVhZ0F3SUJBZ0lCQURBTkJna3Foa2lHOXcwQkFRc0ZBREFWTVJNd0VRWURWUVFERXdwcmRXSmwKY201bGRHVnpNQjRYRFRJek1ETXhNakl5TWpRd09Wb1hEVE16TURNd09USXlNalF3T1Zvd0ZURVRNQkVHQTFVRQpBeE1LYTNWaVpYSnVaWFJsY3pDQ0FTSXdEUVlKS29aSWh2Y05BUUVCQlFBRGdnRVBBRENDQVFvQ2dnRUJBTlp5Cmd1dHRySnlvemRXd0xGOXcvb2x3d1RaNnNuL3lsenU1WGdwTmpkeEVPdC9YY2xZckhwRlBPYlBMNXFwY0JNeXkKdFVkQzVxdjRWMHpMUXE4ZHJtbG1YL0N3bWlCeUg5dk5qL1k1dms2d0dwRzRXdHVmTTlNR1RwSnhVMXE1RzVtOQpaNklsNmNvY0RoeTZyck1Xdlk5a29BMTh6YStrTm9YdnJYMXFiU1RMMjRkbVMvZEZlNTJkcHBzVHhpL09HQktxClRuK1BPekFUdjc3eDVucFJHYVV6d2lyTFFwZUNkSjJzcGlLZW5lNXRzci9QQzlndGphcUtLMTFaZEg0SU1CWVgKTUJZbXhyT3J4bWpCUnArak5BdmRSeElQQU9IbkZYdmswcTF5ZDNyTEU0V1VTazJ6c21lTXJYVjhJMytuMjkyaApVNFVEQzR0aWdqVFl4Zmg3UmpjQ0F3RUFBYU5aTUZjd0RnWURWUjBQQVFIL0JBUURBZ0trTUE4R0ExVWRFd0VCCi93UUZNQU1CQWY4d0hRWURWUjBPQkJZRUZDSzNnMDRiNDN0NzlSYW5zRnNtdGhoa0VEVytNQlVHQTFVZEVRUU8KTUF5Q0NtdDFZbVZ5Ym1WMFpYTXdEUVlKS29aSWh2Y05BUUVMQlFBRGdnRUJBTVVyUGJkYUZEejFXVk9YNmtsago1cDlINEVCMC9OTnhUMUlCaXF6eEpaZTlDQmRpNk5NbmR2ZEVERmJjVlRDeStWcURXTk1JNU0rU1o3ajNZZ0NuClIrakpJSzdGYjVUbHRZSVRxVWVqOFJZN2IzYmZTcnRwVDhhS1V0ZS9JU21NNnp2M2h1WEhhcm9rVGdSWEpva2sKeWpldHNBRDVjbWJIRG5OWWZxb2p6UkkzWWlHSHJVZ0FJYjJ6aC8zSjNlOEdzbFI5WWIwTjF4N29JNzB2a2lkMQpPYUY0WmZSUDF0VU40SnNwaThXcytLTk5xRUR0a3JGSFBzOXpZdEJpeEZSODFlRHkwSFlCeU1WN2d3ZVd2cVg1CkdtZXRPdkQ0cTNMNjFiS2lselB1akVOWkx5V1BuNjI5VVVjNEgvSFhRcUdHcmJoaEFjTmp4RXJtWG50M1R2NjcKb0hJPQotLS0tLUVORCBDRVJUSUZJQ0FURS0tLS0tCg=="
              }
            ],
            "cluster_id": null,
            "created_at": "2023-03-12 22:17:28.597 +0000 UTC",
            "enabled_cluster_log_types": [],
            "encryption_config": [],
            "endpoint": "https://E57B548F3D824B75C4E9C2842F7391E4.gr7.us-east-1.eks.amazonaws.com",
            "id": "socks-web-shop-eks",
            "identity": [
              {
                "oidc": [
                  {
                    "issuer": "https://oidc.eks.us-east-1.amazonaws.com/id/E57B548F3D824B75C4E9C2842F7391E4"
                  }
                ]
              }
            ],
            "kubernetes_network_config": [
              {
                "ip_family": "ipv4",
                "service_ipv4_cidr": "172.20.0.0/16",
                "service_ipv6_cidr": ""
              }
            ],
            "name": "socks-web-shop-eks",
            "outpost_config": [],
            "platform_version": "eks.1",
            "role_arn": "arn:aws:iam::248426330598:role/socks-shop-eks-cluster",
            "status": "ACTIVE",
            "tags": {},
            "tags_all": {},
            "timeouts": null,
            "version": "1.25",
            "vpc_config": [
              {
                "cluster_security_group_id": "sg-04f49a113d3609d45",
                "endpoint_private_access": false,
                "endpoint_public_access": true,
                "public_access_cidrs": [
                  "0.0.0.0/0"
                ],
                "security_group_ids": [
                  "sg-09867945e550a3ca2"
                ],
                "subnet_ids": [
                  "subnet-02982534dfd1a9b65",
                  "subnet-0eca6a9a2ac4aeb18"
                ],
                "vpc_id": "vpc-0a147501e78bcf011"
              }
            ]
          },
          "sensitive_attributes": [],
          "private": "eyJlMmJmYjczMC1lY2FhLTExZTYtOGY4OC0zNDM2M2JjN2M0YzAiOnsiY3JlYXRlIjoxODAwMDAwMDAwMDAwLCJkZWxldGUiOjkwMDAwMDAwMDAwMCwidXBkYXRlIjozNjAwMDAwMDAwMDAwfX0=",
          "dependencies": [
            "aws_iam_role.socks-shop-cluster",
            "aws_iam_role_policy_attachment.socks-shop-cluster-AmazonEKSClusterPolicy",
            "aws_iam_role_policy_attachment.socks-shop-cluster-AmazonEKSVPCResourceController",
            "aws_security_group.socks-shop-cluster",
            "aws_subnet.socks-shop",
            "aws_vpc.socks-shop-vpc",
            "data.aws_availability_zones.available"
          ]
        }
      ]
    },
    {
      "mode": "managed",
      "type": "aws_eks_node_group",
      "name": "socks-shop",
      "provider": "provider[\"registry.terraform.io/hashicorp/aws\"]",
      "instances": [
        {
          "schema_version": 0,
          "attributes": {
            "ami_type": "AL2_x86_64",
            "arn": "arn:aws:eks:us-east-1:248426330598:nodegroup/socks-web-shop-eks/socks-shop/62c36bf8-52bf-9030-e3c7-48b573c0f197",
            "capacity_type": "ON_DEMAND",
            "cluster_name": "socks-web-shop-eks",
            "disk_size": 20,
            "force_update_version": null,
            "id": "socks-web-shop-eks:socks-shop",
            "instance_types": [
              "t3.medium"
            ],
            "labels": {},
            "launch_template": [],
            "node_group_name": "socks-shop",
            "node_group_name_prefix": "",
            "node_role_arn": "arn:aws:iam::248426330598:role/socks-shop-worker-node-role",
            "release_version": "1.25.6-20230304",
            "remote_access": [],
            "resources": [
              {
                "autoscaling_groups": [
                  {
                    "name": "eks-socks-shop-62c36bf8-52bf-9030-e3c7-48b573c0f197"
                  }
                ],
                "remote_access_security_group_id": ""
              }
            ],
            "scaling_config": [
              {
                "desired_size": 1,
                "max_size": 1,
                "min_size": 1
              }
            ],
            "status": "ACTIVE",
            "subnet_ids": [
              "subnet-02982534dfd1a9b65",
              "subnet-0eca6a9a2ac4aeb18"
            ],
            "tags": {},
            "tags_all": {},
            "taint": [],
            "timeouts": null,
            "update_config": [
              {
                "max_unavailable": 1,
                "max_unavailable_percentage": 0
              }
            ],
            "version": "1.25"
          },
          "sensitive_attributes": [],
          "private": "eyJlMmJmYjczMC1lY2FhLTExZTYtOGY4OC0zNDM2M2JjN2M0YzAiOnsiY3JlYXRlIjozNjAwMDAwMDAwMDAwLCJkZWxldGUiOjM2MDAwMDAwMDAwMDAsInVwZGF0ZSI6MzYwMDAwMDAwMDAwMH19",
          "dependencies": [
            "aws_eks_cluster.socks-shop",
            "aws_iam_role.socks-shop-cluster",
            "aws_iam_role.socks-shop-worker-nodes",
            "aws_iam_role_policy_attachment.socks-shop-cluster-AmazonEKSClusterPolicy",
            "aws_iam_role_policy_attachment.socks-shop-cluster-AmazonEKSVPCResourceController",
            "aws_iam_role_policy_attachment.socks-shop-worker-nodes-AmazonEC2ContainerRegistryReadOnly",
            "aws_iam_role_policy_attachment.socks-shop-worker-nodes-AmazonEKSWorkerNodePolicy",
            "aws_iam_role_policy_attachment.socks-shop-worker-nodes-AmazonEKS_CNI_Policy",
            "aws_security_group.socks-shop-cluster",
            "aws_subnet.socks-shop",
            "aws_vpc.socks-shop-vpc",
            "data.aws_availability_zones.available"
          ]
        }
      ]
    },
    {
      "mode": "managed",
      "type": "aws_iam_role",
      "name": "socks-shop-cluster",
      "provider": "provider[\"registry.terraform.io/hashicorp/aws\"]",
      "instances": [
        {
          "schema_version": 0,
          "attributes": {
            "arn": "arn:aws:iam::248426330598:role/socks-shop-eks-cluster",
            "assume_role_policy": "{\"Statement\":[{\"Action\":\"sts:AssumeRole\",\"Effect\":\"Allow\",\"Principal\":{\"Service\":\"eks.amazonaws.com\"}}],\"Version\":\"2012-10-17\"}",
            "create_date": "2023-03-12T22:17:06Z",
            "description": "",
            "force_detach_policies": false,
            "id": "socks-shop-eks-cluster",
            "inline_policy": [],
            "managed_policy_arns": [
              "arn:aws:iam::aws:policy/AmazonEKSClusterPolicy",
              "arn:aws:iam::aws:policy/AmazonEKSVPCResourceController"
            ],
            "max_session_duration": 3600,
            "name": "socks-shop-eks-cluster",
            "name_prefix": "",
            "path": "/",
            "permissions_boundary": null,
            "tags": {},
            "tags_all": {},
            "unique_id": "AROATTV247HTNQNIIKUOG"
          },
          "sensitive_attributes": [],
          "private": "bnVsbA=="
        }
      ]
    },
    {
      "mode": "managed",
      "type": "aws_iam_role",
      "name": "socks-shop-worker-nodes",
      "provider": "provider[\"registry.terraform.io/hashicorp/aws\"]",
      "instances": [
        {
          "schema_version": 0,
          "attributes": {
            "arn": "arn:aws:iam::248426330598:role/socks-shop-worker-node-role",
            "assume_role_policy": "{\"Statement\":[{\"Action\":\"sts:AssumeRole\",\"Effect\":\"Allow\",\"Principal\":{\"Service\":\"ec2.amazonaws.com\"}}],\"Version\":\"2012-10-17\"}",
            "create_date": "2023-03-12T22:17:06Z",
            "description": "",
            "force_detach_policies": false,
            "id": "socks-shop-worker-node-role",
            "inline_policy": [],
            "managed_policy_arns": [
              "arn:aws:iam::aws:policy/AmazonEC2ContainerRegistryReadOnly",
              "arn:aws:iam::aws:policy/AmazonEKSWorkerNodePolicy",
              "arn:aws:iam::aws:policy/AmazonEKS_CNI_Policy"
            ],
            "max_session_duration": 3600,
            "name": "socks-shop-worker-node-role",
            "name_prefix": "",
            "path": "/",
            "permissions_boundary": null,
            "tags": {},
            "tags_all": {},
            "unique_id": "AROATTV247HTIZVQV7D7F"
          },
          "sensitive_attributes": [],
          "private": "bnVsbA=="
        }
      ]
    },
    {
      "mode": "managed",
      "type": "aws_iam_role_policy_attachment",
      "name": "socks-shop-cluster-AmazonEKSClusterPolicy",
      "provider": "provider[\"registry.terraform.io/hashicorp/aws\"]",
      "instances": [
        {
          "schema_version": 0,
          "attributes": {
            "id": "socks-shop-eks-cluster-20230312221842917800000002",
            "policy_arn": "arn:aws:iam::aws:policy/AmazonEKSClusterPolicy",
            "role": "socks-shop-eks-cluster"
          },
          "sensitive_attributes": [],
          "private": "bnVsbA==",
          "dependencies": [
            "aws_iam_role.socks-shop-cluster"
          ]
        }
      ]
    },
    {
      "mode": "managed",
      "type": "aws_iam_role_policy_attachment",
      "name": "socks-shop-cluster-AmazonEKSVPCResourceController",
      "provider": "provider[\"registry.terraform.io/hashicorp/aws\"]",
      "instances": [
        {
          "schema_version": 0,
          "attributes": {
            "id": "socks-shop-eks-cluster-20230312221842911500000001",
            "policy_arn": "arn:aws:iam::aws:policy/AmazonEKSVPCResourceController",
            "role": "socks-shop-eks-cluster"
          },
          "sensitive_attributes": [],
          "private": "bnVsbA==",
          "dependencies": [
            "aws_iam_role.socks-shop-cluster"
          ]
        }
      ]
    },
    {
      "mode": "managed",
      "type": "aws_iam_role_policy_attachment",
      "name": "socks-shop-worker-nodes-AmazonEC2ContainerRegistryReadOnly",
      "provider": "provider[\"registry.terraform.io/hashicorp/aws\"]",
      "instances": [
        {
          "schema_version": 0,
          "attributes": {
            "id": "socks-shop-worker-node-role-20230312221843530100000005",
            "policy_arn": "arn:aws:iam::aws:policy/AmazonEC2ContainerRegistryReadOnly",
            "role": "socks-shop-worker-node-role"
          },
          "sensitive_attributes": [],
          "private": "bnVsbA==",
          "dependencies": [
            "aws_iam_role.socks-shop-worker-nodes"
          ]
        }
      ]
    },
    {
      "mode": "managed",
      "type": "aws_iam_role_policy_attachment",
      "name": "socks-shop-worker-nodes-AmazonEKSWorkerNodePolicy",
      "provider": "provider[\"registry.terraform.io/hashicorp/aws\"]",
      "instances": [
        {
          "schema_version": 0,
          "attributes": {
            "id": "socks-shop-worker-node-role-20230312221843208000000004",
            "policy_arn": "arn:aws:iam::aws:policy/AmazonEKSWorkerNodePolicy",
            "role": "socks-shop-worker-node-role"
          },
          "sensitive_attributes": [],
          "private": "bnVsbA==",
          "dependencies": [
            "aws_iam_role.socks-shop-worker-nodes"
          ]
        }
      ]
    },
    {
      "mode": "managed",
      "type": "aws_iam_role_policy_attachment",
      "name": "socks-shop-worker-nodes-AmazonEKS_CNI_Policy",
      "provider": "provider[\"registry.terraform.io/hashicorp/aws\"]",
      "instances": [
        {
          "schema_version": 0,
          "attributes": {
            "id": "socks-shop-worker-node-role-20230312221843208000000003",
            "policy_arn": "arn:aws:iam::aws:policy/AmazonEKS_CNI_Policy",
            "role": "socks-shop-worker-node-role"
          },
          "sensitive_attributes": [],
          "private": "bnVsbA==",
          "dependencies": [
            "aws_iam_role.socks-shop-worker-nodes"
          ]
        }
      ]
    },
    {
      "mode": "managed",
      "type": "aws_internet_gateway",
      "name": "socks-shop-igw",
      "provider": "provider[\"registry.terraform.io/hashicorp/aws\"]",
      "instances": [
        {
          "schema_version": 0,
          "attributes": {
            "arn": "arn:aws:ec2:us-east-1:248426330598:internet-gateway/igw-08bf3996b65f5e3b8",
            "id": "igw-08bf3996b65f5e3b8",
            "owner_id": "248426330598",
            "tags": {
              "Name": "socks-shop-igw"
            },
            "tags_all": {
              "Name": "socks-shop-igw"
            },
            "timeouts": null,
            "vpc_id": "vpc-0a147501e78bcf011"
          },
          "sensitive_attributes": [],
          "private": "eyJlMmJmYjczMC1lY2FhLTExZTYtOGY4OC0zNDM2M2JjN2M0YzAiOnsiY3JlYXRlIjoxMjAwMDAwMDAwMDAwLCJkZWxldGUiOjEyMDAwMDAwMDAwMDAsInVwZGF0ZSI6MTIwMDAwMDAwMDAwMH19",
          "dependencies": [
            "aws_vpc.socks-shop-vpc"
          ]
        }
      ]
    },
    {
      "mode": "managed",
      "type": "aws_route_table",
      "name": "socks-shop",
      "provider": "provider[\"registry.terraform.io/hashicorp/aws\"]",
      "instances": [
        {
          "schema_version": 0,
          "attributes": {
            "arn": "arn:aws:ec2:us-east-1:248426330598:route-table/rtb-0fb5442ff7805b591",
            "id": "rtb-0fb5442ff7805b591",
            "owner_id": "248426330598",
            "propagating_vgws": [],
            "route": [
              {
                "carrier_gateway_id": "",
                "cidr_block": "0.0.0.0/0",
                "core_network_arn": "",
                "destination_prefix_list_id": "",
                "egress_only_gateway_id": "",
                "gateway_id": "igw-08bf3996b65f5e3b8",
                "instance_id": "",
                "ipv6_cidr_block": "",
                "local_gateway_id": "",
                "nat_gateway_id": "",
                "network_interface_id": "",
                "transit_gateway_id": "",
                "vpc_endpoint_id": "",
                "vpc_peering_connection_id": ""
              }
            ],
            "tags": {},
            "tags_all": {},
            "timeouts": null,
            "vpc_id": "vpc-0a147501e78bcf011"
          },
          "sensitive_attributes": [],
          "private": "eyJlMmJmYjczMC1lY2FhLTExZTYtOGY4OC0zNDM2M2JjN2M0YzAiOnsiY3JlYXRlIjozMDAwMDAwMDAwMDAsImRlbGV0ZSI6MzAwMDAwMDAwMDAwLCJ1cGRhdGUiOjEyMDAwMDAwMDAwMH19",
          "dependencies": [
            "aws_internet_gateway.socks-shop-igw",
            "aws_vpc.socks-shop-vpc"
          ]
        }
      ]
    },
    {
      "mode": "managed",
      "type": "aws_route_table_association",
      "name": "socks-shop",
      "provider": "provider[\"registry.terraform.io/hashicorp/aws\"]",
      "instances": [
        {
          "index_key": 0,
          "schema_version": 0,
          "attributes": {
            "gateway_id": "",
            "id": "rtbassoc-06f1dcb58d6866d5d",
            "route_table_id": "rtb-0fb5442ff7805b591",
            "subnet_id": "subnet-02982534dfd1a9b65"
          },
          "sensitive_attributes": [],
          "private": "bnVsbA==",
          "dependencies": [
            "aws_internet_gateway.socks-shop-igw",
            "aws_route_table.socks-shop",
            "aws_subnet.socks-shop",
            "aws_vpc.socks-shop-vpc",
            "data.aws_availability_zones.available"
          ]
        },
        {
          "index_key": 1,
          "schema_version": 0,
          "attributes": {
            "gateway_id": "",
            "id": "rtbassoc-0c30bdd7b4136fae8",
            "route_table_id": "rtb-0fb5442ff7805b591",
            "subnet_id": "subnet-0eca6a9a2ac4aeb18"
          },
          "sensitive_attributes": [],
          "private": "bnVsbA==",
          "dependencies": [
            "aws_internet_gateway.socks-shop-igw",
            "aws_route_table.socks-shop",
            "aws_subnet.socks-shop",
            "aws_vpc.socks-shop-vpc",
            "data.aws_availability_zones.available"
          ]
        }
      ]
    },
    {
      "mode": "managed",
      "type": "aws_security_group",
      "name": "socks-shop-cluster",
      "provider": "provider[\"registry.terraform.io/hashicorp/aws\"]",
      "instances": [
        {
          "schema_version": 1,
          "attributes": {
            "arn": "arn:aws:ec2:us-east-1:248426330598:security-group/sg-09867945e550a3ca2",
            "description": "Cluster communication with worker nodes",
            "egress": [
              {
                "cidr_blocks": [
                  "0.0.0.0/0"
                ],
                "description": "",
                "from_port": 0,
                "ipv6_cidr_blocks": [],
                "prefix_list_ids": [],
                "protocol": "-1",
                "security_groups": [],
                "self": false,
                "to_port": 0
              }
            ],
            "id": "sg-09867945e550a3ca2",
            "ingress": [
              {
                "cidr_blocks": [
                  "105.112.17.88/32"
                ],
                "description": "Allow workstation to communicate with the cluster API Server",
                "from_port": 443,
                "ipv6_cidr_blocks": [],
                "prefix_list_ids": [],
                "protocol": "tcp",
                "security_groups": [],
                "self": false,
                "to_port": 443
              }
            ],
            "name": "socks-shop-eks-cluster",
            "name_prefix": "",
            "owner_id": "248426330598",
            "revoke_rules_on_delete": false,
            "tags": {
              "Name": "shocks-shop-eks"
            },
            "tags_all": {
              "Name": "shocks-shop-eks"
            },
            "timeouts": null,
            "vpc_id": "vpc-0a147501e78bcf011"
          },
          "sensitive_attributes": [],
          "private": "eyJlMmJmYjczMC1lY2FhLTExZTYtOGY4OC0zNDM2M2JjN2M0YzAiOnsiY3JlYXRlIjo2MDAwMDAwMDAwMDAsImRlbGV0ZSI6OTAwMDAwMDAwMDAwfSwic2NoZW1hX3ZlcnNpb24iOiIxIn0=",
          "dependencies": [
            "aws_vpc.socks-shop-vpc"
          ]
        }
      ]
    },
    {
      "mode": "managed",
      "type": "aws_security_group_rule",
      "name": "socks-shop-cluster-ingress",
      "provider": "provider[\"registry.terraform.io/hashicorp/aws\"]",
      "instances": [
        {
          "schema_version": 2,
          "attributes": {
            "cidr_blocks": [
              "105.112.17.88/32"
            ],
            "description": "Allow workstation to communicate with the cluster API Server",
            "from_port": 443,
            "id": "sgrule-852504740",
            "ipv6_cidr_blocks": null,
            "prefix_list_ids": null,
            "protocol": "tcp",
            "security_group_id": "sg-09867945e550a3ca2",
            "security_group_rule_id": "sgr-0df9c578a943ad2c5",
            "self": false,
            "source_security_group_id": null,
            "timeouts": null,
            "to_port": 443,
            "type": "ingress"
          },
          "sensitive_attributes": [],
          "private": "eyJlMmJmYjczMC1lY2FhLTExZTYtOGY4OC0zNDM2M2JjN2M0YzAiOnsiY3JlYXRlIjozMDAwMDAwMDAwMDB9LCJzY2hlbWFfdmVyc2lvbiI6IjIifQ==",
          "dependencies": [
            "aws_security_group.socks-shop-cluster",
            "aws_vpc.socks-shop-vpc",
            "data.http.workstation-external-ip"
          ]
        }
      ]
    },
    {
      "mode": "managed",
      "type": "aws_subnet",
      "name": "socks-shop",
      "provider": "provider[\"registry.terraform.io/hashicorp/aws\"]",
      "instances": [
        {
          "index_key": 0,
          "schema_version": 1,
          "attributes": {
            "arn": "arn:aws:ec2:us-east-1:248426330598:subnet/subnet-02982534dfd1a9b65",
            "assign_ipv6_address_on_creation": false,
            "availability_zone": "us-east-1a",
            "availability_zone_id": "use1-az4",
            "cidr_block": "10.0.0.0/24",
            "customer_owned_ipv4_pool": "",
            "enable_dns64": false,
            "enable_resource_name_dns_a_record_on_launch": false,
            "enable_resource_name_dns_aaaa_record_on_launch": false,
            "id": "subnet-02982534dfd1a9b65",
            "ipv6_cidr_block": "",
            "ipv6_cidr_block_association_id": "",
            "ipv6_native": false,
            "map_customer_owned_ip_on_launch": false,
            "map_public_ip_on_launch": true,
            "outpost_arn": "",
            "owner_id": "248426330598",
            "private_dns_hostname_type_on_launch": "ip-name",
            "tags": {
              "Name": "socks-shop-eks-node",
              "kubernetes.io/cluster/socks-web-shop-eks": "shared"
            },
            "tags_all": {
              "Name": "socks-shop-eks-node",
              "kubernetes.io/cluster/socks-web-shop-eks": "shared"
            },
            "timeouts": null,
            "vpc_id": "vpc-0a147501e78bcf011"
          },
          "sensitive_attributes": [],
          "private": "eyJlMmJmYjczMC1lY2FhLTExZTYtOGY4OC0zNDM2M2JjN2M0YzAiOnsiY3JlYXRlIjo2MDAwMDAwMDAwMDAsImRlbGV0ZSI6MTIwMDAwMDAwMDAwMH0sInNjaGVtYV92ZXJzaW9uIjoiMSJ9",
          "dependencies": [
            "aws_vpc.socks-shop-vpc",
            "data.aws_availability_zones.available"
          ]
        },
        {
          "index_key": 1,
          "schema_version": 1,
          "attributes": {
            "arn": "arn:aws:ec2:us-east-1:248426330598:subnet/subnet-0eca6a9a2ac4aeb18",
            "assign_ipv6_address_on_creation": false,
            "availability_zone": "us-east-1b",
            "availability_zone_id": "use1-az6",
            "cidr_block": "10.0.1.0/24",
            "customer_owned_ipv4_pool": "",
            "enable_dns64": false,
            "enable_resource_name_dns_a_record_on_launch": false,
            "enable_resource_name_dns_aaaa_record_on_launch": false,
            "id": "subnet-0eca6a9a2ac4aeb18",
            "ipv6_cidr_block": "",
            "ipv6_cidr_block_association_id": "",
            "ipv6_native": false,
            "map_customer_owned_ip_on_launch": false,
            "map_public_ip_on_launch": true,
            "outpost_arn": "",
            "owner_id": "248426330598",
            "private_dns_hostname_type_on_launch": "ip-name",
            "tags": {
              "Name": "socks-shop-eks-node",
              "kubernetes.io/cluster/socks-web-shop-eks": "shared"
            },
            "tags_all": {
              "Name": "socks-shop-eks-node",
              "kubernetes.io/cluster/socks-web-shop-eks": "shared"
            },
            "timeouts": null,
            "vpc_id": "vpc-0a147501e78bcf011"
          },
          "sensitive_attributes": [],
          "private": "eyJlMmJmYjczMC1lY2FhLTExZTYtOGY4OC0zNDM2M2JjN2M0YzAiOnsiY3JlYXRlIjo2MDAwMDAwMDAwMDAsImRlbGV0ZSI6MTIwMDAwMDAwMDAwMH0sInNjaGVtYV92ZXJzaW9uIjoiMSJ9",
          "dependencies": [
            "aws_vpc.socks-shop-vpc",
            "data.aws_availability_zones.available"
          ]
        }
      ]
    },
    {
      "mode": "managed",
      "type": "aws_vpc",
      "name": "socks-shop-vpc",
      "provider": "provider[\"registry.terraform.io/hashicorp/aws\"]",
      "instances": [
        {
          "schema_version": 1,
          "attributes": {
            "arn": "arn:aws:ec2:us-east-1:248426330598:vpc/vpc-0a147501e78bcf011",
            "assign_generated_ipv6_cidr_block": false,
            "cidr_block": "10.0.0.0/16",
            "default_network_acl_id": "acl-07f4654ad88b6a7d4",
            "default_route_table_id": "rtb-0388f9caa8946d62d",
            "default_security_group_id": "sg-0f7ea83fde7a86da2",
            "dhcp_options_id": "dopt-04c235e8533a52083",
            "enable_classiclink": false,
            "enable_classiclink_dns_support": false,
            "enable_dns_hostnames": false,
            "enable_dns_support": true,
            "enable_network_address_usage_metrics": false,
            "id": "vpc-0a147501e78bcf011",
            "instance_tenancy": "default",
            "ipv4_ipam_pool_id": null,
            "ipv4_netmask_length": null,
            "ipv6_association_id": "",
            "ipv6_cidr_block": "",
            "ipv6_cidr_block_network_border_group": "",
            "ipv6_ipam_pool_id": "",
            "ipv6_netmask_length": 0,
            "main_route_table_id": "rtb-0388f9caa8946d62d",
            "owner_id": "248426330598",
            "tags": {
              "Name": "socks-shop-eks-node",
              "kubernetes.io/cluster/socks-web-shop-eks": "shared"
            },
            "tags_all": {
              "Name": "socks-shop-eks-node",
              "kubernetes.io/cluster/socks-web-shop-eks": "shared"
            }
          },
          "sensitive_attributes": [],
          "private": "eyJzY2hlbWFfdmVyc2lvbiI6IjEifQ=="
        }
      ]
    }
  ],
  "check_results": null
}
